{
  "originHash" : "d6b0e4f865f64d243dfeaae4eba6e71a2b45c0a5b150ec71b2498288391b95a7",
  "pins" : [
    {
      "identity" : "luciq-ios-sdk",
      "kind" : "remoteSourceControl",
      "location" : "https://github.com/luciqai/luciq-ios-sdk",
      "state" : {
        "revision" : "99ec498fe703ba665da0f9f17d683e8385e35202",
        "version" : "18.0.1"
      }
    }
  ],
  "version" : 3
}
